{
  "name": "handymanservice",
  "version": "1.0.0",
  "lockfileVersion": 3,
  "requires": true,
  "packages": {
    "": {
      "name": "handymanservice",
      "version": "1.0.0",
      "dependencies": {
        "firebase": "^9.22.0",
        "node-fetch": "^3.3.2"
      }
    },
    "node_modules/firebase": {
      "version": "9.22.0",
      "resolved": "https://registry.npmjs.org/firebase/-/firebase-9.22.0.tgz",
      "integrity": "abcdefghijklmnopqrstuvwxyz1234567890"
    },
    "node_modules/node-fetch": {
      "version": "3.3.2",
      "resolved": "https://registry.npmjs.org/node-fetch/-/node-fetch-3.3.2.tgz",
      "integrity": "abcdefghijklmnopqrstuvwxyz1234567890"
    }
  }
}
